
Microsoft Visual Studio Solution File, Format Version 12.00
# Visual Studio Version 17
VisualStudioVersion = 17.8.34330.188
MinimumVisualStudioVersion = 10.0.40219.1
Project("{FAE04EC0-301F-11D3-BF4B-00C04F79EFBC}") = "Delegate18", "Delegate18.csproj", "{61FF624E-D0FE-4267-A9A4-E4A993D9E866}"
EndProject
Global
	GlobalSection(SolutionConfigurationPlatforms) = preSolution
		Debug|Any CPU = Debug|Any CPU
		Release|Any CPU = Release|Any CPU
	EndGlobalSection
	GlobalSection(ProjectConfigurationPlatforms) = postSolution
		{61FF624E-D0FE-4267-A9A4-E4A993D9E866}.Debug|Any CPU.ActiveCfg = Debug|Any CPU
		{61FF624E-D0FE-4267-A9A4-E4A993D9E866}.Debug|Any CPU.Build.0 = Debug|Any CPU
		{61FF624E-D0FE-4267-A9A4-E4A993D9E866}.Release|Any CPU.ActiveCfg = Release|Any CPU
		{61FF624E-D0FE-4267-A9A4-E4A993D9E866}.Release|Any CPU.Build.0 = Release|Any CPU
	EndGlobalSection
	GlobalSection(SolutionProperties) = preSolution
		HideSolutionNode = FALSE
	EndGlobalSection
	GlobalSection(ExtensibilityGlobals) = postSolution
		SolutionGuid = {DA665BDD-4CBF-448C-B31F-FEF97EABA88B}
	EndGlobalSection
EndGlobal
